
Microsoft Visual Studio Solution File, Format Version 12.00
# Visual Studio 15
VisualStudioVersion = 15.0.28010.2003
MinimumVisualStudioVersion = 10.0.40219.1
Project("{FAE04EC0-301F-11D3-BF4B-00C04F79EFBC}") = "Onjob", "On job\Onjob.csproj", "{B98FC666-8AD8-491A-865D-604374E97ACC}"
EndProject
Global
	GlobalSection(SolutionConfigurationPlatforms) = preSolution
		Debug|Any CPU = Debug|Any CPU
		Release|Any CPU = Release|Any CPU
	EndGlobalSection
	GlobalSection(ProjectConfigurationPlatforms) = postSolution
		{B98FC666-8AD8-491A-865D-604374E97ACC}.Debug|Any CPU.ActiveCfg = Debug|Any CPU
		{B98FC666-8AD8-491A-865D-604374E97ACC}.Debug|Any CPU.Build.0 = Debug|Any CPU
		{B98FC666-8AD8-491A-865D-604374E97ACC}.Release|Any CPU.ActiveCfg = Release|Any CPU
		{B98FC666-8AD8-491A-865D-604374E97ACC}.Release|Any CPU.Build.0 = Release|Any CPU
	EndGlobalSection
	GlobalSection(SolutionProperties) = preSolution
		HideSolutionNode = FALSE
	EndGlobalSection
	GlobalSection(ExtensibilityGlobals) = postSolution
		SolutionGuid = {D3A9521E-B348-4E32-80DF-A1A37DB216D3}
	EndGlobalSection
EndGlobal
